{
  "name": "robotjs",
  "version": "1.0.0",
  "lockfileVersion": 2,
  "requires": true,
  "packages": {
    "": {
      "name": "robotjs",
      "version": "1.0.0",
      "license": "ISC",
      "dependencies": {
        "@uipath/robot": "^1.2.9"
      }
    },
    "node_modules/@microsoft/applicationinsights-analytics-js": {
      "version": "2.8.9",
      "resolved": "https://registry.npmjs.org/@microsoft/applicationinsights-analytics-js/-/applicationinsights-analytics-js-2.8.9.tgz",
      "integrity": "sha512-7Mu1vJQe2RUFuMXSmQqqk/pzqk0HoWnDH297trDdXPSDgU40YXTp+E5PWD9qoVUnhftb2LYKSL9HlWIBn705eg==",
      "dependencies": {
        "@microsoft/applicationinsights-common": "2.8.9",
        "@microsoft/applicationinsights-core-js": "2.8.9",
        "@microsoft/applicationinsights-shims": "2.0.2",
        "@microsoft/dynamicproto-js": "^1.1.7"
      },
      "peerDependencies": {
        "tslib": "*"
      }
    },
    "node_modules/@microsoft/applicationinsights-channel-js": {
      "version": "2.8.9",
      "resolved": "https://registry.npmjs.org/@microsoft/applicationinsights-channel-js/-/applicationinsights-channel-js-2.8.9.tgz",
      "integrity": "sha512-fMBsAEB7pWtPn43y72q9Xy5E5y55r6gMuDQqRRccccVoQDPXyS57VCj5IdATblctru0C6A8XpL2vRyNmEsu0Vg==",
      "dependencies": {
        "@microsoft/applicationinsights-common": "2.8.9",
        "@microsoft/applicationinsights-core-js": "2.8.9",
        "@microsoft/applicationinsights-shims": "2.0.2",
        "@microsoft/dynamicproto-js": "^1.1.7"
      },
      "peerDependencies": {
        "tslib": "*"
      }
    },
    "node_modules/@microsoft/applicationinsights-common": {
      "version": "2.8.9",
      "resolved": "https://registry.npmjs.org/@microsoft/applicationinsights-common/-/applicationinsights-common-2.8.9.tgz",
      "integrity": "sha512-mObn1moElyxZaGIRF/IU3cOaeKMgxghXnYEoHNUCA2e+rNwBIgxjyKkblFIpmGuHf4X7Oz3o3yBWpaC6AoMpig==",
      "dependencies": {
        "@microsoft/applicationinsights-core-js": "2.8.9",
        "@microsoft/applicationinsights-shims": "2.0.2",
        "@microsoft/dynamicproto-js": "^1.1.7"
      },
      "peerDependencies": {
        "tslib": "*"
      }
    },
    "node_modules/@microsoft/applicationinsights-core-js": {
      "version": "2.8.9",
      "resolved": "https://registry.npmjs.org/@microsoft/applicationinsights-core-js/-/applicationinsights-core-js-2.8.9.tgz",
      "integrity": "sha512-HRuIuZ6aOWezcg/G5VyFDDWGL8hDNe/ljPP01J7ImH2kRPEgbtcfPSUMjkamGMefgdq81GZsSoC/NNGTP4pp2w==",
      "dependencies": {
        "@microsoft/applicationinsights-shims": "2.0.2",
        "@microsoft/dynamicproto-js": "^1.1.7"
      },
      "peerDependencies": {
        "tslib": "*"
      }
    },
    "node_modules/@microsoft/applicationinsights-dependencies-js": {
      "version": "2.8.9",
      "resolved": "https://registry.npmjs.org/@microsoft/applicationinsights-dependencies-js/-/applicationinsights-dependencies-js-2.8.9.tgz",
      "integrity": "sha512-tbssKmuA8I/s09elAvYtkChif3Ary/s9CliriFZ8aQsIM6iLv9Fm9sM2q/gDADO8a4HGuR2a+KahXfqqRdHYKQ==",
      "dependencies": {
        "@microsoft/applicationinsights-common": "2.8.9",
        "@microsoft/applicationinsights-core-js": "2.8.9",
        "@microsoft/applicationinsights-shims": "2.0.2",
        "@microsoft/dynamicproto-js": "^1.1.7"
      },
      "peerDependencies": {
        "tslib": "*"
      }
    },
    "node_modules/@microsoft/applicationinsights-properties-js": {
      "version": "2.8.9",
      "resolved": "https://registry.npmjs.org/@microsoft/applicationinsights-properties-js/-/applicationinsights-properties-js-2.8.9.tgz",
      "integrity": "sha512-sBoaEPoyV4d5l192HvuQ5+Juc5fukrOkOM/Ug9LEO1/esVmbdiYmGiLLch0MyWTxBkp9LEtYvcJb0/0t5x1odg==",
      "dependencies": {
        "@microsoft/applicationinsights-common": "2.8.9",
        "@microsoft/applicationinsights-core-js": "2.8.9",
        "@microsoft/applicationinsights-shims": "2.0.2",
        "@microsoft/dynamicproto-js": "^1.1.7"
      },
      "peerDependencies": {
        "tslib": "*"
      }
    },
    "node_modules/@microsoft/applicationinsights-shims": {
      "version": "2.0.2",
      "resolved": "https://registry.npmjs.org/@microsoft/applicationinsights-shims/-/applicationinsights-shims-2.0.2.tgz",
      "integrity": "sha512-PoHEgsnmcqruLNHZ/amACqdJ6YYQpED0KSRe6J7gIJTtpZC1FfFU9b1fmDKDKtFoUSrPzEh1qzO3kmRZP0betg=="
    },
    "node_modules/@microsoft/applicationinsights-web": {
      "version": "2.8.9",
      "resolved": "https://registry.npmjs.org/@microsoft/applicationinsights-web/-/applicationinsights-web-2.8.9.tgz",
      "integrity": "sha512-uyJMNWUMQAehfK1UeAPd3+T5STOeuwty54yfoff12hyF1lWADkV5lEo4ohhMcRhQKdk7AUrhDF4eQnLrm61Mbg==",
      "dependencies": {
        "@microsoft/applicationinsights-analytics-js": "2.8.9",
        "@microsoft/applicationinsights-channel-js": "2.8.9",
        "@microsoft/applicationinsights-common": "2.8.9",
        "@microsoft/applicationinsights-core-js": "2.8.9",
        "@microsoft/applicationinsights-dependencies-js": "2.8.9",
        "@microsoft/applicationinsights-properties-js": "2.8.9",
        "@microsoft/applicationinsights-shims": "2.0.2",
        "@microsoft/dynamicproto-js": "^1.1.7"
      },
      "peerDependencies": {
        "tslib": "*"
      }
    },
    "node_modules/@microsoft/dynamicproto-js": {
      "version": "1.1.7",
      "resolved": "https://registry.npmjs.org/@microsoft/dynamicproto-js/-/dynamicproto-js-1.1.7.tgz",
      "integrity": "sha512-SK3D3aVt+5vOOccKPnGaJWB5gQ8FuKfjboUJHedMP7gu54HqSCXX5iFXhktGD8nfJb0Go30eDvs/UDoTnR2kOA=="
    },
    "node_modules/@uipath/robot": {
      "version": "1.2.9",
      "resolved": "https://registry.npmjs.org/@uipath/robot/-/robot-1.2.9.tgz",
      "integrity": "sha512-AdQX1xmxW872MhU/wo/W1lfHx8gWlYKluMgxh+VpqONlm1rDV8Nfgl43Dhxnye1Z71SGnLa1ayd+cg6jaHStbg==",
      "dependencies": {
        "@microsoft/applicationinsights-web": "^2.5.9",
        "async-mutex": "^0.3.2",
        "uuid": "^8.3.2"
      }
    },
    "node_modules/async-mutex": {
      "version": "0.3.2",
      "resolved": "https://registry.npmjs.org/async-mutex/-/async-mutex-0.3.2.tgz",
      "integrity": "sha512-HuTK7E7MT7jZEh1P9GtRW9+aTWiDWWi9InbZ5hjxrnRa39KS4BW04+xLBhYNS2aXhHUIKZSw3gj4Pn1pj+qGAA==",
      "dependencies": {
        "tslib": "^2.3.1"
      }
    },
    "node_modules/tslib": {
      "version": "2.4.1",
      "resolved": "https://registry.npmjs.org/tslib/-/tslib-2.4.1.tgz",
      "integrity": "sha512-tGyy4dAjRIEwI7BzsB0lynWgOpfqjUdq91XXAlIWD2OwKBH7oCl/GZG/HT4BOHrTlPMOASlMQ7veyTqpmRcrNA=="
    },
    "node_modules/uuid": {
      "version": "8.3.2",
      "resolved": "https://registry.npmjs.org/uuid/-/uuid-8.3.2.tgz",
      "integrity": "sha512-+NYs2QeMWy+GWFOEm9xnn6HCDp0l7QBD7ml8zLUmJ+93Q5NF0NocErnwkTkXVFNiX3/fpC6afS8Dhb/gz7R7eg==",
      "bin": {
        "uuid": "dist/bin/uuid"
      }
    }
  },
  "dependencies": {
    "@microsoft/applicationinsights-analytics-js": {
      "version": "2.8.9",
      "resolved": "https://registry.npmjs.org/@microsoft/applicationinsights-analytics-js/-/applicationinsights-analytics-js-2.8.9.tgz",
      "integrity": "sha512-7Mu1vJQe2RUFuMXSmQqqk/pzqk0HoWnDH297trDdXPSDgU40YXTp+E5PWD9qoVUnhftb2LYKSL9HlWIBn705eg==",
      "requires": {
        "@microsoft/applicationinsights-common": "2.8.9",
        "@microsoft/applicationinsights-core-js": "2.8.9",
        "@microsoft/applicationinsights-shims": "2.0.2",
        "@microsoft/dynamicproto-js": "^1.1.7"
      }
    },
    "@microsoft/applicationinsights-channel-js": {
      "version": "2.8.9",
      "resolved": "https://registry.npmjs.org/@microsoft/applicationinsights-channel-js/-/applicationinsights-channel-js-2.8.9.tgz",
      "integrity": "sha512-fMBsAEB7pWtPn43y72q9Xy5E5y55r6gMuDQqRRccccVoQDPXyS57VCj5IdATblctru0C6A8XpL2vRyNmEsu0Vg==",
      "requires": {
        "@microsoft/applicationinsights-common": "2.8.9",
        "@microsoft/applicationinsights-core-js": "2.8.9",
        "@microsoft/applicationinsights-shims": "2.0.2",
        "@microsoft/dynamicproto-js": "^1.1.7"
      }
    },
    "@microsoft/applicationinsights-common": {
      "version": "2.8.9",
      "resolved": "https://registry.npmjs.org/@microsoft/applicationinsights-common/-/applicationinsights-common-2.8.9.tgz",
      "integrity": "sha512-mObn1moElyxZaGIRF/IU3cOaeKMgxghXnYEoHNUCA2e+rNwBIgxjyKkblFIpmGuHf4X7Oz3o3yBWpaC6AoMpig==",
      "requires": {
        "@microsoft/applicationinsights-core-js": "2.8.9",
        "@microsoft/applicationinsights-shims": "2.0.2",
        "@microsoft/dynamicproto-js": "^1.1.7"
      }
    },
    "@microsoft/applicationinsights-core-js": {
      "version": "2.8.9",
      "resolved": "https://registry.npmjs.org/@microsoft/applicationinsights-core-js/-/applicationinsights-core-js-2.8.9.tgz",
      "integrity": "sha512-HRuIuZ6aOWezcg/G5VyFDDWGL8hDNe/ljPP01J7ImH2kRPEgbtcfPSUMjkamGMefgdq81GZsSoC/NNGTP4pp2w==",
      "requires": {
        "@microsoft/applicationinsights-shims": "2.0.2",
        "@microsoft/dynamicproto-js": "^1.1.7"
      }
    },
    "@microsoft/applicationinsights-dependencies-js": {
      "version": "2.8.9",
      "resolved": "https://registry.npmjs.org/@microsoft/applicationinsights-dependencies-js/-/applicationinsights-dependencies-js-2.8.9.tgz",
      "integrity": "sha512-tbssKmuA8I/s09elAvYtkChif3Ary/s9CliriFZ8aQsIM6iLv9Fm9sM2q/gDADO8a4HGuR2a+KahXfqqRdHYKQ==",
      "requires": {
        "@microsoft/applicationinsights-common": "2.8.9",
        "@microsoft/applicationinsights-core-js": "2.8.9",
        "@microsoft/applicationinsights-shims": "2.0.2",
        "@microsoft/dynamicproto-js": "^1.1.7"
      }
    },
    "@microsoft/applicationinsights-properties-js": {
      "version": "2.8.9",
      "resolved": "https://registry.npmjs.org/@microsoft/applicationinsights-properties-js/-/applicationinsights-properties-js-2.8.9.tgz",
      "integrity": "sha512-sBoaEPoyV4d5l192HvuQ5+Juc5fukrOkOM/Ug9LEO1/esVmbdiYmGiLLch0MyWTxBkp9LEtYvcJb0/0t5x1odg==",
      "requires": {
        "@microsoft/applicationinsights-common": "2.8.9",
        "@microsoft/applicationinsights-core-js": "2.8.9",
        "@microsoft/applicationinsights-shims": "2.0.2",
        "@microsoft/dynamicproto-js": "^1.1.7"
      }
    },
    "@microsoft/applicationinsights-shims": {
      "version": "2.0.2",
      "resolved": "https://registry.npmjs.org/@microsoft/applicationinsights-shims/-/applicationinsights-shims-2.0.2.tgz",
      "integrity": "sha512-PoHEgsnmcqruLNHZ/amACqdJ6YYQpED0KSRe6J7gIJTtpZC1FfFU9b1fmDKDKtFoUSrPzEh1qzO3kmRZP0betg=="
    },
    "@microsoft/applicationinsights-web": {
      "version": "2.8.9",
      "resolved": "https://registry.npmjs.org/@microsoft/applicationinsights-web/-/applicationinsights-web-2.8.9.tgz",
      "integrity": "sha512-uyJMNWUMQAehfK1UeAPd3+T5STOeuwty54yfoff12hyF1lWADkV5lEo4ohhMcRhQKdk7AUrhDF4eQnLrm61Mbg==",
      "requires": {
        "@microsoft/applicationinsights-analytics-js": "2.8.9",
        "@microsoft/applicationinsights-channel-js": "2.8.9",
        "@microsoft/applicationinsights-common": "2.8.9",
        "@microsoft/applicationinsights-core-js": "2.8.9",
        "@microsoft/applicationinsights-dependencies-js": "2.8.9",
        "@microsoft/applicationinsights-properties-js": "2.8.9",
        "@microsoft/applicationinsights-shims": "2.0.2",
        "@microsoft/dynamicproto-js": "^1.1.7"
      }
    },
    "@microsoft/dynamicproto-js": {
      "version": "1.1.7",
      "resolved": "https://registry.npmjs.org/@microsoft/dynamicproto-js/-/dynamicproto-js-1.1.7.tgz",
      "integrity": "sha512-SK3D3aVt+5vOOccKPnGaJWB5gQ8FuKfjboUJHedMP7gu54HqSCXX5iFXhktGD8nfJb0Go30eDvs/UDoTnR2kOA=="
    },
    "@uipath/robot": {
      "version": "1.2.9",
      "resolved": "https://registry.npmjs.org/@uipath/robot/-/robot-1.2.9.tgz",
      "integrity": "sha512-AdQX1xmxW872MhU/wo/W1lfHx8gWlYKluMgxh+VpqONlm1rDV8Nfgl43Dhxnye1Z71SGnLa1ayd+cg6jaHStbg==",
      "requires": {
        "@microsoft/applicationinsights-web": "^2.5.9",
        "async-mutex": "^0.3.2",
        "uuid": "^8.3.2"
      }
    },
    "async-mutex": {
      "version": "0.3.2",
      "resolved": "https://registry.npmjs.org/async-mutex/-/async-mutex-0.3.2.tgz",
      "integrity": "sha512-HuTK7E7MT7jZEh1P9GtRW9+aTWiDWWi9InbZ5hjxrnRa39KS4BW04+xLBhYNS2aXhHUIKZSw3gj4Pn1pj+qGAA==",
      "requires": {
        "tslib": "^2.3.1"
      }
    },
    "tslib": {
      "version": "2.4.1",
      "resolved": "https://registry.npmjs.org/tslib/-/tslib-2.4.1.tgz",
      "integrity": "sha512-tGyy4dAjRIEwI7BzsB0lynWgOpfqjUdq91XXAlIWD2OwKBH7oCl/GZG/HT4BOHrTlPMOASlMQ7veyTqpmRcrNA=="
    },
    "uuid": {
      "version": "8.3.2",
      "resolved": "https://registry.npmjs.org/uuid/-/uuid-8.3.2.tgz",
      "integrity": "sha512-+NYs2QeMWy+GWFOEm9xnn6HCDp0l7QBD7ml8zLUmJ+93Q5NF0NocErnwkTkXVFNiX3/fpC6afS8Dhb/gz7R7eg=="
    }
  }
}
